// !$*UTF8*$!
{
	archiveVersion = 1;
	classes = {
	};
	objectVersion = 56;
	objects = {

/* Begin PBXBuildFile section */
		CC3B709E2A52B63500EB9C56 /* AppDelegate.swift in Sources */ = {isa = PBXBuildFile; fileRef = CC3B709D2A52B63500EB9C56 /* AppDelegate.swift */; };
		CC3B70A02A52B63500EB9C56 /* SceneDelegate.swift in Sources */ = {isa = PBXBuildFile; fileRef = CC3B709F2A52B63500EB9C56 /* SceneDelegate.swift */; };
		CC3B70A22A52B63500EB9C56 /* ViewController.swift in Sources */ = {isa = PBXBuildFile; fileRef = CC3B70A12A52B63500EB9C56 /* ViewController.swift */; };
		CC3B70A52A52B63500EB9C56 /* Main.storyboard in Resources */ = {isa = PBXBuildFile; fileRef = CC3B70A32A52B63500EB9C56 /* Main.storyboard */; };
		CC3B70A72A52B63600EB9C56 /* Assets.xcassets in Resources */ = {isa = PBXBuildFile; fileRef = CC3B70A62A52B63600EB9C56 /* Assets.xcassets */; };
		CC3B70AA2A52B63600EB9C56 /* LaunchScreen.storyboard in Resources */ = {isa = PBXBuildFile; fileRef = CC3B70A82A52B63600EB9C56 /* LaunchScreen.storyboard */; };
		CC8AEAA62A52DB460020888C /* SecondViewController.swift in Sources */ = {isa = PBXBuildFile; fileRef = CC8AEAA52A52DB460020888C /* SecondViewController.swift */; };
		CC8AEAA82A52DB540020888C /* ThirdViewController.swift in Sources */ = {isa = PBXBuildFile; fileRef = CC8AEAA72A52DB540020888C /* ThirdViewController.swift */; };
		CC8AEAA92A52E36A0020888C /* Pods_GraphsExample.framework in Frameworks */ = {isa = PBXBuildFile; fileRef = 14CB4D9F346B58FA5FB517E0 /* Pods_GraphsExample.framework */; };
/* End PBXBuildFile section */

/* Begin PBXFileReference section */
		14CB4D9F346B58FA5FB517E0 /* Pods_GraphsExample.framework */ = {isa = PBXFileReference; explicitFileType = wrapper.framework; includeInIndex = 0; path = Pods_GraphsExample.framework; sourceTree = BUILT_PRODUCTS_DIR; };
		5F6A2611BC73308B38B2BED8 /* Pods-GraphsExample.debug.xcconfig */ = {isa = PBXFileReference; includeInIndex = 1; lastKnownFileType = text.xcconfig; name = "Pods-GraphsExample.debug.xcconfig"; path = "Target Support Files/Pods-GraphsExample/Pods-GraphsExample.debug.xcconfig"; sourceTree = "<group>"; };
		CC3B709A2A52B63500EB9C56 /* GraphsExample.app */ = {isa = PBXFileReference; explicitFileType = wrapper.application; includeInIndex = 0; path = GraphsExample.app; sourceTree = BUILT_PRODUCTS_DIR; };
		CC3B709D2A52B63500EB9C56 /* AppDelegate.swift */ = {isa = PBXFileReference; lastKnownFileType = sourcecode.swift; path = AppDelegate.swift; sourceTree = "<group>"; };
		CC3B709F2A52B63500EB9C56 /* SceneDelegate.swift */ = {isa = PBXFileReference; lastKnownFileType = sourcecode.swift; path = SceneDelegate.swift; sourceTree = "<group>"; };
		CC3B70A12A52B63500EB9C56 /* ViewController.swift */ = {isa = PBXFileReference; lastKnownFileType = sourcecode.swift; path = ViewController.swift; sourceTree = "<group>"; };
		CC3B70A42A52B63500EB9C56 /* Base */ = {isa = PBXFileReference; lastKnownFileType = file.storyboard; name = Base; path = Base.lproj/Main.storyboard; sourceTree = "<group>"; };
		CC3B70A62A52B63600EB9C56 /* Assets.xcassets */ = {isa = PBXFileReference; lastKnownFileType = folder.assetcatalog; path = Assets.xcassets; sourceTree = "<group>"; };
		CC3B70A92A52B63600EB9C56 /* Base */ = {isa = PBXFileReference; lastKnownFileType = file.storyboard; name = Base; path = Base.lproj/LaunchScreen.storyboard; sourceTree = "<group>"; };
		CC3B70AB2A52B63600EB9C56 /* Info.plist */ = {isa = PBXFileReference; lastKnownFileType = text.plist.xml; path = Info.plist; sourceTree = "<group>"; };
		CC8AEAA52A52DB460020888C /* SecondViewController.swift */ = {isa = PBXFileReference; lastKnownFileType = sourcecode.swift; path = SecondViewController.swift; sourceTree = "<group>"; };
		CC8AEAA72A52DB540020888C /* ThirdViewController.swift */ = {isa = PBXFileReference; lastKnownFileType = sourcecode.swift; path = ThirdViewController.swift; sourceTree = "<group>"; };
		D1859448725748840FADF334 /* Pods-GraphsExample.release.xcconfig */ = {isa = PBXFileReference; includeInIndex = 1; lastKnownFileType = text.xcconfig; name = "Pods-GraphsExample.release.xcconfig"; path = "Target Support Files/Pods-GraphsExample/Pods-GraphsExample.release.xcconfig"; sourceTree = "<group>"; };
/* End PBXFileReference section */

/* Begin PBXFrameworksBuildPhase section */
		CC3B70972A52B63500EB9C56 /* Frameworks */ = {
			isa = PBXFrameworksBuildPhase;
			buildActionMask = 2147483647;
			files = (
				CC8AEAA92A52E36A0020888C /* Pods_GraphsExample.framework in Frameworks */,
			);
			runOnlyForDeploymentPostprocessing = 0;
		};
/* End PBXFrameworksBuildPhase section */

/* Begin PBXGroup section */
		34254036B70D689BF5EF86EE /* Frameworks */ = {
			isa = PBXGroup;
			children = (
				14CB4D9F346B58FA5FB517E0 /* Pods_GraphsExample.framework */,
			);
			name = Frameworks;
			sourceTree = "<group>";
		};
		967CCA28CFA64D5CC1C4408A /* Pods */ = {
			isa = PBXGroup;
			children = (
				5F6A2611BC73308B38B2BED8 /* Pods-GraphsExample.debug.xcconfig */,
				D1859448725748840FADF334 /* Pods-GraphsExample.release.xcconfig */,
			);
			path = Pods;
			sourceTree = "<group>";
		};
		CC3B70912A52B63500EB9C56 = {
			isa = PBXGroup;
			children = (
				CC3B709C2A52B63500EB9C56 /* GraphsExample */,
				CC3B709B2A52B63500EB9C56 /* Products */,
				967CCA28CFA64D5CC1C4408A /* Pods */,
				34254036B70D689BF5EF86EE /* Frameworks */,
			);
			sourceTree = "<group>";
		};
		CC3B709B2A52B63500EB9C56 /* Products */ = {
			isa = PBXGroup;
			children = (
				CC3B709A2A52B63500EB9C56 /* GraphsExample.app */,
			);
			name = Products;
			sourceTree = "<group>";
		};
		CC3B709C2A52B63500EB9C56 /* GraphsExample */ = {
			isa = PBXGroup;
			children = (
				CC3B709D2A52B63500EB9C56 /* AppDelegate.swift */,
				CC3B709F2A52B63500EB9C56 /* SceneDelegate.swift */,
				CC3B70A12A52B63500EB9C56 /* ViewController.swift */,
				CC8AEAA52A52DB460020888C /* SecondViewController.swift */,
				CC8AEAA72A52DB540020888C /* ThirdViewController.swift */,
				CC3B70A32A52B63500EB9C56 /* Main.storyboard */,
				CC3B70A62A52B63600EB9C56 /* Assets.xcassets */,
				CC3B70A82A52B63600EB9C56 /* LaunchScreen.storyboard */,
				CC3B70AB2A52B63600EB9C56 /* Info.plist */,
			);
			path = GraphsExample;
			sourceTree = "<group>";
		};
/* End PBXGroup section */

/* Begin PBXNativeTarget section */
		CC3B70992A52B63500EB9C56 /* GraphsExample */ = {
			isa = PBXNativeTarget;
			buildConfigurationList = CC3B70AE2A52B63600EB9C56 /* Build configuration list for PBXNativeTarget "GraphsExample" */;
			buildPhases = (
				B32008E797D9DCD507629876 /* [CP] Check Pods Manifest.lock */,
				CC3B70962A52B63500EB9C56 /* Sources */,
				CC3B70972A52B63500EB9C56 /* Frameworks */,
				CC3B70982A52B63500EB9C56 /* Resources */,
				EDB937FB202BF6A4C85A104D /* [CP] Embed Pods Frameworks */,
			);
			buildRules = (
			);
			dependencies = (
			);
			name = GraphsExample;
			productName = GraphsExample;
			productReference = CC3B709A2A52B63500EB9C56 /* GraphsExample.app */;
			productType = "com.apple.product-type.application";
		};
/* End PBXNativeTarget section */

/* Begin PBXProject section */
		CC3B70922A52B63500EB9C56 /* Project object */ = {
			isa = PBXProject;
			attributes = {
				BuildIndependentTargetsInParallel = 1;
				LastSwiftUpdateCheck = 1430;
				LastUpgradeCheck = 1430;
				TargetAttributes = {
					CC3B70992A52B63500EB9C56 = {
						CreatedOnToolsVersion = 14.3.1;
					};
				};
			};
			buildConfigurationList = CC3B70952A52B63500EB9C56 /* Build configuration list for PBXProject "GraphsExample" */;
			compatibilityVersion = "Xcode 14.0";
			developmentRegion = en;
			hasScannedForEncodings = 0;
			knownRegions = (
				en,
				Base,
			);
			mainGroup = CC3B70912A52B63500EB9C56;
			productRefGroup = CC3B709B2A52B63500EB9C56 /* Products */;
			projectDirPath = "";
			projectRoot = "";
			targets = (
				CC3B70992A52B63500EB9C56 /* GraphsExample */,
			);
		};
/* End PBXProject section */

/* Begin PBXResourcesBuildPhase section */
		CC3B70982A52B63500EB9C56 /* Resources */ = {
			isa = PBXResourcesBuildPhase;
			buildActionMask = 2147483647;
			files = (
				CC3B70AA2A52B63600EB9C56 /* LaunchScreen.storyboard in Resources */,
				CC3B70A72A52B63600EB9C56 /* Assets.xcassets in Resources */,
				CC3B70A52A52B63500EB9C56 /* Main.storyboard in Resources */,
			);
			runOnlyForDeploymentPostprocessing = 0;
		};
/* End PBXResourcesBuildPhase section */

/* Begin PBXShellScriptBuildPhase section */
		B32008E797D9DCD507629876 /* [CP] Check Pods Manifest.lock */ = {
			isa = PBXShellScriptBuildPhase;
			buildActionMask = 2147483647;
			files = (
			);
			inputFileListPaths = (
			);
			inputPaths = (
				"${PODS_PODFILE_DIR_PATH}/Podfile.lock",
				"${PODS_ROOT}/Manifest.lock",
			);
			name = "[CP] Check Pods Manifest.lock";
			outputFileListPaths = (
			);
			outputPaths = (
				"$(DERIVED_FILE_DIR)/Pods-GraphsExample-checkManifestLockResult.txt",
			);
			runOnlyForDeploymentPostprocessing = 0;
			shellPath = /bin/sh;
			shellScript = "diff \"${PODS_PODFILE_DIR_PATH}/Podfile.lock\" \"${PODS_ROOT}/Manifest.lock\" > /dev/null\nif [ $? != 0 ] ; then\n    # print error to STDERR\n    echo \"error: The sandbox is not in sync with the Podfile.lock. Run 'pod install' or update your CocoaPods installation.\" >&2\n    exit 1\nfi\n# This output is used by Xcode 'outputs' to avoid re-running this script phase.\necho \"SUCCESS\" > \"${SCRIPT_OUTPUT_FILE_0}\"\n";
			showEnvVarsInLog = 0;
		};
		EDB937FB202BF6A4C85A104D /* [CP] Embed Pods Frameworks */ = {
			isa = PBXShellScriptBuildPhase;
			buildActionMask = 2147483647;
			files = (
			);
			inputFileListPaths = (
				"${PODS_ROOT}/Target Support Files/Pods-GraphsExample/Pods-GraphsExample-frameworks-${CONFIGURATION}-input-files.xcfilelist",
			);
			name = "[CP] Embed Pods Frameworks";
			outputFileListPaths = (
				"${PODS_ROOT}/Target Support Files/Pods-GraphsExample/Pods-GraphsExample-frameworks-${CONFIGURATION}-output-files.xcfilelist",
			);
			runOnlyForDeploymentPostprocessing = 0;
			shellPath = /bin/sh;
			shellScript = "\"${PODS_ROOT}/Target Support Files/Pods-GraphsExample/Pods-GraphsExample-frameworks.sh\"\n";
			showEnvVarsInLog = 0;
		};
/* End PBXShellScriptBuildPhase section */

/* Begin PBXSourcesBuildPhase section */
		CC3B70962A52B63500EB9C56 /* Sources */ = {
			isa = PBXSourcesBuildPhase;
			buildActionMask = 2147483647;
			files = (
				CC8AEAA62A52DB460020888C /* SecondViewController.swift in Sources */,
				CC3B70A22A52B63500EB9C56 /* ViewController.swift in Sources */,
				CC8AEAA82A52DB540020888C /* ThirdViewController.swift in Sources */,
				CC3B709E2A52B63500EB9C56 /* AppDelegate.swift in Sources */,
				CC3B70A02A52B63500EB9C56 /* SceneDelegate.swift in Sources */,
			);
			runOnlyForDeploymentPostprocessing = 0;
		};
/* End PBXSourcesBuildPhase section */

/* Begin PBXVariantGroup section */
		CC3B70A32A52B63500EB9C56 /* Main.storyboard */ = {
			isa = PBXVariantGroup;
			children = (
				CC3B70A42A52B63500EB9C56 /* Base */,
			);
			name = Main.storyboard;
			sourceTree = "<group>";
		};
		CC3B70A82A52B63600EB9C56 /* LaunchScreen.storyboard */ = {
			isa = PBXVariantGroup;
			children = (
				CC3B70A92A52B63600EB9C56 /* Base */,
			);
			name = LaunchScreen.storyboard;
			sourceTree = "<group>";
		};
/* End PBXVariantGroup section */

/* Begin XCBuildConfiguration section */
		CC3B70AC2A52B63600EB9C56 /* Debug */ = {
			isa = XCBuildConfiguration;
			buildSettings = {
				ALWAYS_SEARCH_USER_PATHS = NO;
				CLANG_ANALYZER_NONNULL = YES;
				CLANG_ANALYZER_NUMBER_OBJECT_CONVERSION = YES_AGGRESSIVE;
				CLANG_CXX_LANGUAGE_STANDARD = "gnu++20";
				CLANG_ENABLE_MODULES = YES;
				CLANG_ENABLE_OBJC_ARC = YES;
				CLANG_ENABLE_OBJC_WEAK = YES;
				CLANG_WARN_BLOCK_CAPTURE_AUTORELEASING = YES;
				CLANG_WARN_BOOL_CONVERSION = YES;
				CLANG_WARN_COMMA = YES;
				CLANG_WARN_CONSTANT_CONVERSION = YES;
				CLANG_WARN_DEPRECATED_OBJC_IMPLEMENTATIONS = YES;
				CLANG_WARN_DIRECT_OBJC_ISA_USAGE = YES_ERROR;
				CLANG_WARN_DOCUMENTATION_COMMENTS = YES;
				CLANG_WARN_EMPTY_BODY = YES;
				CLANG_WARN_ENUM_CONVERSION = YES;
				CLANG_WARN_INFINITE_RECURSION = YES;
				CLANG_WARN_INT_CONVERSION = YES;
				CLANG_WARN_NON_LITERAL_NULL_CONVERSION = YES;
				CLANG_WARN_OBJC_IMPLICIT_RETAIN_SELF = YES;
				CLANG_WARN_OBJC_LITERAL_CONVERSION = YES;
				CLANG_WARN_OBJC_ROOT_CLASS = YES_ERROR;
				CLANG_WARN_QUOTED_INCLUDE_IN_FRAMEWORK_HEADER = YES;
				CLANG_WARN_RANGE_LOOP_ANALYSIS = YES;
				CLANG_WARN_STRICT_PROTOTYPES = YES;
				CLANG_WARN_SUSPICIOUS_MOVE = YES;
				CLANG_WARN_UNGUARDED_AVAILABILITY = YES_AGGRESSIVE;
				CLANG_WARN_UNREACHABLE_CODE = YES;
				CLANG_WARN__DUPLICATE_METHOD_MATCH = YES;
				COPY_PHASE_STRIP = NO;
				DEBUG_INFORMATION_FORMAT = dwarf;
				ENABLE_STRICT_OBJC_MSGSEND = YES;
				ENABLE_TESTABILITY = YES;
				GCC_C_LANGUAGE_STANDARD = gnu11;
				GCC_DYNAMIC_NO_PIC = NO;
				GCC_NO_COMMON_BLOCKS = YES;
				GCC_OPTIMIZATION_LEVEL = 0;
				GCC_PREPROCESSOR_DEFINITIONS = (
					"DEBUG=1",
					"$(inherited)",
				);
				GCC_WARN_64_TO_32_BIT_CONVERSION = YES;
				GCC_WARN_ABOUT_RETURN_TYPE = YES_ERROR;
				GCC_WARN_UNDECLARED_SELECTOR = YES;
				GCC_WARN_UNINITIALIZED_AUTOS = YES_AGGRESSIVE;
				GCC_WARN_UNUSED_FUNCTION = YES;
				GCC_WARN_UNUSED_VARIABLE = YES;
				IPHONEOS_DEPLOYMENT_TARGET = 16.4;
				MTL_ENABLE_DEBUG_INFO = INCLUDE_SOURCE;
				MTL_FAST_MATH = YES;
				ONLY_ACTIVE_ARCH = YES;
				SDKROOT = iphoneos;
				SWIFT_ACTIVE_COMPILATION_CONDITIONS = DEBUG;
				SWIFT_OPTIMIZATION_LEVEL = "-Onone";
			};
			name = Debug;
		};
		CC3B70AD2A52B63600EB9C56 /* Release */ = {
			isa = XCBuildConfiguration;
			buildSettings = {
				ALWAYS_SEARCH_USER_PATHS = NO;
				CLANG_ANALYZER_NONNULL = YES;
				CLANG_ANALYZER_NUMBER_OBJECT_CONVERSION = YES_AGGRESSIVE;
				CLANG_CXX_LANGUAGE_STANDARD = "gnu++20";
				CLANG_ENABLE_MODULES = YES;
				CLANG_ENABLE_OBJC_ARC = YES;
				CLANG_ENABLE_OBJC_WEAK = YES;
				CLANG_WARN_BLOCK_CAPTURE_AUTORELEASING = YES;
				CLANG_WARN_BOOL_CONVERSION = YES;
				CLANG_WARN_COMMA = YES;
				CLANG_WARN_CONSTANT_CONVERSION = YES;
				CLANG_WARN_DEPRECATED_OBJC_IMPLEMENTATIONS = YES;
				CLANG_WARN_DIRECT_OBJC_ISA_USAGE = YES_ERROR;
				CLANG_WARN_DOCUMENTATION_COMMENTS = YES;
				CLANG_WARN_EMPTY_BODY = YES;
				CLANG_WARN_ENUM_CONVERSION = YES;
				CLANG_WARN_INFINITE_RECURSION = YES;
				CLANG_WARN_INT_CONVERSION = YES;
				CLANG_WARN_NON_LITERAL_NULL_CONVERSION = YES;
				CLANG_WARN_OBJC_IMPLICIT_RETAIN_SELF = YES;
				CLANG_WARN_OBJC_LITERAL_CONVERSION = YES;
				CLANG_WARN_OBJC_ROOT_CLASS = YES_ERROR;
				CLANG_WARN_QUOTED_INCLUDE_IN_FRAMEWORK_HEADER = YES;
				CLANG_WARN_RANGE_LOOP_ANALYSIS = YES;
				CLANG_WARN_STRICT_PROTOTYPES = YES;
				CLANG_WARN_SUSPICIOUS_MOVE = YES;
				CLANG_WARN_UNGUARDED_AVAILABILITY = YES_AGGRESSIVE;
				CLANG_WARN_UNREACHABLE_CODE = YES;
				CLANG_WARN__DUPLICATE_METHOD_MATCH = YES;
				COPY_PHASE_STRIP = NO;
				DEBUG_INFORMATION_FORMAT = "dwarf-with-dsym";
				ENABLE_NS_ASSERTIONS = NO;
				ENABLE_STRICT_OBJC_MSGSEND = YES;
				GCC_C_LANGUAGE_STANDARD = gnu11;
				GCC_NO_COMMON_BLOCKS = YES;
				GCC_WARN_64_TO_32_BIT_CONVERSION = YES;
				GCC_WARN_ABOUT_RETURN_TYPE = YES_ERROR;
				GCC_WARN_UNDECLARED_SELECTOR = YES;
				GCC_WARN_UNINITIALIZED_AUTOS = YES_AGGRESSIVE;
				GCC_WARN_UNUSED_FUNCTION = YES;
				GCC_WARN_UNUSED_VARIABLE = YES;
				IPHONEOS_DEPLOYMENT_TARGET = 16.4;
				MTL_ENABLE_DEBUG_INFO = NO;
				MTL_FAST_MATH = YES;
				SDKROOT = iphoneos;
				SWIFT_COMPILATION_MODE = wholemodule;
				SWIFT_OPTIMIZATION_LEVEL = "-O";
				VALIDATE_PRODUCT = YES;
			};
			name = Release;
		};
		CC3B70AF2A52B63600EB9C56 /* Debug */ = {
			isa = XCBuildConfiguration;
			baseConfigurationReference = 5F6A2611BC73308B38B2BED8 /* Pods-GraphsExample.debug.xcconfig */;
			buildSettings = {
				ASSETCATALOG_COMPILER_APPICON_NAME = AppIcon;
				ASSETCATALOG_COMPILER_GLOBAL_ACCENT_COLOR_NAME = AccentColor;
				CODE_SIGN_STYLE = Automatic;
				CURRENT_PROJECT_VERSION = 1;
				DEVELOPMENT_TEAM = 5PTH9U4CB9;
				GENERATE_INFOPLIST_FILE = YES;
				INFOPLIST_FILE = GraphsExample/Info.plist;
				INFOPLIST_KEY_UIApplicationSupportsIndirectInputEvents = YES;
				INFOPLIST_KEY_UILaunchStoryboardName = LaunchScreen;
				INFOPLIST_KEY_UIMainStoryboardFile = Main;
				INFOPLIST_KEY_UIRequiresFullScreen = NO;
				INFOPLIST_KEY_UISupportedInterfaceOrientations = UIInterfaceOrientationPortrait;
				INFOPLIST_KEY_UISupportedInterfaceOrientations_iPad = "UIInterfaceOrientationLandscapeLeft UIInterfaceOrientationLandscapeRight UIInterfaceOrientationPortrait UIInterfaceOrientationPortraitUpsideDown";
				IPHONEOS_DEPLOYMENT_TARGET = 16.3;
				LD_RUNPATH_SEARCH_PATHS = (
					"$(inherited)",
					"@executable_path/Frameworks",
				);
				MARKETING_VERSION = 1.0;
				PRODUCT_BUNDLE_IDENTIFIER = c.GraphsExample;
				PRODUCT_NAME = "$(TARGET_NAME)";
				SWIFT_EMIT_LOC_STRINGS = YES;
				SWIFT_VERSION = 5.0;
				TARGETED_DEVICE_FAMILY = "1,2";
			};
			name = Debug;
		};
		CC3B70B02A52B63600EB9C56 /* Release */ = {
			isa = XCBuildConfiguration;
			baseConfigurationReference = D1859448725748840FADF334 /* Pods-GraphsExample.release.xcconfig */;
			buildSettings = {
				ASSETCATALOG_COMPILER_APPICON_NAME = AppIcon;
				ASSETCATALOG_COMPILER_GLOBAL_ACCENT_COLOR_NAME = AccentColor;
				CODE_SIGN_STYLE = Automatic;
				CURRENT_PROJECT_VERSION = 1;
				DEVELOPMENT_TEAM = 5PTH9U4CB9;
				GENERATE_INFOPLIST_FILE = YES;
				INFOPLIST_FILE = GraphsExample/Info.plist;
				INFOPLIST_KEY_UIApplicationSupportsIndirectInputEvents = YES;
				INFOPLIST_KEY_UILaunchStoryboardName = LaunchScreen;
				INFOPLIST_KEY_UIMainStoryboardFile = Main;
				INFOPLIST_KEY_UIRequiresFullScreen = NO;
				INFOPLIST_KEY_UISupportedInterfaceOrientations = UIInterfaceOrientationPortrait;
				INFOPLIST_KEY_UISupportedInterfaceOrientations_iPad = "UIInterfaceOrientationLandscapeLeft UIInterfaceOrientationLandscapeRight UIInterfaceOrientationPortrait UIInterfaceOrientationPortraitUpsideDown";
				IPHONEOS_DEPLOYMENT_TARGET = 16.3;
				LD_RUNPATH_SEARCH_PATHS = (
					"$(inherited)",
					"@executable_path/Frameworks",
				);
				MARKETING_VERSION = 1.0;
				PRODUCT_BUNDLE_IDENTIFIER = c.GraphsExample;
				PRODUCT_NAME = "$(TARGET_NAME)";
				SWIFT_EMIT_LOC_STRINGS = YES;
				SWIFT_VERSION = 5.0;
				TARGETED_DEVICE_FAMILY = "1,2";
			};
			name = Release;
		};
/* End XCBuildConfiguration section */

/* Begin XCConfigurationList section */
		CC3B70952A52B63500EB9C56 /* Build configuration list for PBXProject "GraphsExample" */ = {
			isa = XCConfigurationList;
			buildConfigurations = (
				CC3B70AC2A52B63600EB9C56 /* Debug */,
				CC3B70AD2A52B63600EB9C56 /* Release */,
			);
			defaultConfigurationIsVisible = 0;
			defaultConfigurationName = Release;
		};
		CC3B70AE2A52B63600EB9C56 /* Build configuration list for PBXNativeTarget "GraphsExample" */ = {
			isa = XCConfigurationList;
			buildConfigurations = (
				CC3B70AF2A52B63600EB9C56 /* Debug */,
				CC3B70B02A52B63600EB9C56 /* Release */,
			);
			defaultConfigurationIsVisible = 0;
			defaultConfigurationName = Release;
		};
/* End XCConfigurationList section */
	};
	rootObject = CC3B70922A52B63500EB9C56 /* Project object */;
}
